
Microsoft Visual Studio Solution File, Format Version 12.00
# Visual Studio Version 17
VisualStudioVersion = 17.14.36908.2 d17.14
MinimumVisualStudioVersion = 10.0.40219.1
Project("{FAE04EC0-301F-11D3-BF4B-00C04F79EFBC}") = "lambdaExpression", "lambdaExpression\lambdaExpression.csproj", "{D417DA92-FF33-4F4C-ADF1-1B375B99D5C2}"
EndProject
Global
	GlobalSection(SolutionConfigurationPlatforms) = preSolution
		Debug|Any CPU = Debug|Any CPU
		Release|Any CPU = Release|Any CPU
	EndGlobalSection
	GlobalSection(ProjectConfigurationPlatforms) = postSolution
		{D417DA92-FF33-4F4C-ADF1-1B375B99D5C2}.Debug|Any CPU.ActiveCfg = Debug|Any CPU
		{D417DA92-FF33-4F4C-ADF1-1B375B99D5C2}.Debug|Any CPU.Build.0 = Debug|Any CPU
		{D417DA92-FF33-4F4C-ADF1-1B375B99D5C2}.Release|Any CPU.ActiveCfg = Release|Any CPU
		{D417DA92-FF33-4F4C-ADF1-1B375B99D5C2}.Release|Any CPU.Build.0 = Release|Any CPU
	EndGlobalSection
	GlobalSection(SolutionProperties) = preSolution
		HideSolutionNode = FALSE
	EndGlobalSection
	GlobalSection(ExtensibilityGlobals) = postSolution
		SolutionGuid = {38D6BE8C-475C-4DBF-8DBC-0B9AD537110D}
	EndGlobalSection
EndGlobal
