
Microsoft Visual Studio Solution File, Format Version 12.00
# Visual Studio Version 17
VisualStudioVersion = 17.14.36908.2 d17.14
MinimumVisualStudioVersion = 10.0.40219.1
Project("{FAE04EC0-301F-11D3-BF4B-00C04F79EFBC}") = "Assignment", "Assignment\Assignment.csproj", "{50B7EC0A-99EC-4384-A05D-D186A14DA4EF}"
EndProject
Global
	GlobalSection(SolutionConfigurationPlatforms) = preSolution
		Debug|Any CPU = Debug|Any CPU
		Release|Any CPU = Release|Any CPU
	EndGlobalSection
	GlobalSection(ProjectConfigurationPlatforms) = postSolution
		{50B7EC0A-99EC-4384-A05D-D186A14DA4EF}.Debug|Any CPU.ActiveCfg = Debug|Any CPU
		{50B7EC0A-99EC-4384-A05D-D186A14DA4EF}.Debug|Any CPU.Build.0 = Debug|Any CPU
		{50B7EC0A-99EC-4384-A05D-D186A14DA4EF}.Release|Any CPU.ActiveCfg = Release|Any CPU
		{50B7EC0A-99EC-4384-A05D-D186A14DA4EF}.Release|Any CPU.Build.0 = Release|Any CPU
	EndGlobalSection
	GlobalSection(SolutionProperties) = preSolution
		HideSolutionNode = FALSE
	EndGlobalSection
	GlobalSection(ExtensibilityGlobals) = postSolution
		SolutionGuid = {3F7C918B-8451-4B55-A813-4CCEA2A9EACD}
	EndGlobalSection
EndGlobal
