
Microsoft Visual Studio Solution File, Format Version 12.00
# Visual Studio Version 17
VisualStudioVersion = 17.14.36908.2 d17.14
MinimumVisualStudioVersion = 10.0.40219.1
Project("{FAE04EC0-301F-11D3-BF4B-00C04F79EFBC}") = "Day 9 Assignment", "Day 9 Assignment\Day 9 Assignment.csproj", "{045FD55B-A4A9-41F3-A492-56BEF6B798DE}"
EndProject
Global
	GlobalSection(SolutionConfigurationPlatforms) = preSolution
		Debug|Any CPU = Debug|Any CPU
		Release|Any CPU = Release|Any CPU
	EndGlobalSection
	GlobalSection(ProjectConfigurationPlatforms) = postSolution
		{045FD55B-A4A9-41F3-A492-56BEF6B798DE}.Debug|Any CPU.ActiveCfg = Debug|Any CPU
		{045FD55B-A4A9-41F3-A492-56BEF6B798DE}.Debug|Any CPU.Build.0 = Debug|Any CPU
		{045FD55B-A4A9-41F3-A492-56BEF6B798DE}.Release|Any CPU.ActiveCfg = Release|Any CPU
		{045FD55B-A4A9-41F3-A492-56BEF6B798DE}.Release|Any CPU.Build.0 = Release|Any CPU
	EndGlobalSection
	GlobalSection(SolutionProperties) = preSolution
		HideSolutionNode = FALSE
	EndGlobalSection
	GlobalSection(ExtensibilityGlobals) = postSolution
		SolutionGuid = {C78EB608-1199-41D7-8D98-EDBB8959F69A}
	EndGlobalSection
EndGlobal
